
Microsoft Visual Studio Solution File, Format Version 12.00
# Visual Studio Version 17
VisualStudioVersion = 17.5.002.0
MinimumVisualStudioVersion = 10.0.40219.1
Project("{9A19103F-16F7-4668-BE54-9A1E7A4F7556}") = "Multiplo", "Multiplo.csproj", "{8A5A9C95-D388-4F01-9CCB-43F7BF585BBB}"
EndProject
Global
	GlobalSection(SolutionConfigurationPlatforms) = preSolution
		Debug|Any CPU = Debug|Any CPU
		Release|Any CPU = Release|Any CPU
	EndGlobalSection
	GlobalSection(ProjectConfigurationPlatforms) = postSolution
		{8A5A9C95-D388-4F01-9CCB-43F7BF585BBB}.Debug|Any CPU.ActiveCfg = Debug|Any CPU
		{8A5A9C95-D388-4F01-9CCB-43F7BF585BBB}.Debug|Any CPU.Build.0 = Debug|Any CPU
		{8A5A9C95-D388-4F01-9CCB-43F7BF585BBB}.Release|Any CPU.ActiveCfg = Release|Any CPU
		{8A5A9C95-D388-4F01-9CCB-43F7BF585BBB}.Release|Any CPU.Build.0 = Release|Any CPU
	EndGlobalSection
	GlobalSection(SolutionProperties) = preSolution
		HideSolutionNode = FALSE
	EndGlobalSection
	GlobalSection(ExtensibilityGlobals) = postSolution
		SolutionGuid = {C783C66B-06DC-4DFE-ADC9-C6ADDE5F47BD}
	EndGlobalSection
EndGlobal
